
Microsoft Visual Studio Solution File, Format Version 12.00
# Visual Studio Version 16
VisualStudioVersion = 16.0.31424.327
MinimumVisualStudioVersion = 10.0.40219.1
Project("{9A19103F-16F7-4668-BE54-9A1E7A4F7556}") = "Capa.Presentacion", "Capa.Presentacion\Capa.Presentacion.csproj", "{5A0ECCCE-3A55-418C-A381-210927994FF2}"
EndProject
Project("{9A19103F-16F7-4668-BE54-9A1E7A4F7556}") = "Capa.Entidades", "Capa.Entidades\Capa.Entidades.csproj", "{11B529BE-3083-4C15-A690-ED1B8D010C37}"
EndProject
Project("{FAE04EC0-301F-11D3-BF4B-00C04F79EFBC}") = "Capa.Datos", "Capa.Datos\Capa.Datos.csproj", "{CEE54DE1-D7C0-443C-BC98-22165BF47C11}"
EndProject
Project("{FAE04EC0-301F-11D3-BF4B-00C04F79EFBC}") = "Capa.Negocio", "Capa.Negocio\Capa.Negocio.csproj", "{A02E1E0D-3AB1-4643-9A51-2FA7B4C623B9}"
EndProject
Global
	GlobalSection(SolutionConfigurationPlatforms) = preSolution
		Debug|Any CPU = Debug|Any CPU
		Release|Any CPU = Release|Any CPU
	EndGlobalSection
	GlobalSection(ProjectConfigurationPlatforms) = postSolution
		{5A0ECCCE-3A55-418C-A381-210927994FF2}.Debug|Any CPU.ActiveCfg = Debug|Any CPU
		{5A0ECCCE-3A55-418C-A381-210927994FF2}.Debug|Any CPU.Build.0 = Debug|Any CPU
		{5A0ECCCE-3A55-418C-A381-210927994FF2}.Release|Any CPU.ActiveCfg = Release|Any CPU
		{5A0ECCCE-3A55-418C-A381-210927994FF2}.Release|Any CPU.Build.0 = Release|Any CPU
		{11B529BE-3083-4C15-A690-ED1B8D010C37}.Debug|Any CPU.ActiveCfg = Debug|Any CPU
		{11B529BE-3083-4C15-A690-ED1B8D010C37}.Debug|Any CPU.Build.0 = Debug|Any CPU
		{11B529BE-3083-4C15-A690-ED1B8D010C37}.Release|Any CPU.ActiveCfg = Release|Any CPU
		{11B529BE-3083-4C15-A690-ED1B8D010C37}.Release|Any CPU.Build.0 = Release|Any CPU
		{CEE54DE1-D7C0-443C-BC98-22165BF47C11}.Debug|Any CPU.ActiveCfg = Debug|Any CPU
		{CEE54DE1-D7C0-443C-BC98-22165BF47C11}.Debug|Any CPU.Build.0 = Debug|Any CPU
		{CEE54DE1-D7C0-443C-BC98-22165BF47C11}.Release|Any CPU.ActiveCfg = Release|Any CPU
		{CEE54DE1-D7C0-443C-BC98-22165BF47C11}.Release|Any CPU.Build.0 = Release|Any CPU
		{A02E1E0D-3AB1-4643-9A51-2FA7B4C623B9}.Debug|Any CPU.ActiveCfg = Debug|Any CPU
		{A02E1E0D-3AB1-4643-9A51-2FA7B4C623B9}.Debug|Any CPU.Build.0 = Debug|Any CPU
		{A02E1E0D-3AB1-4643-9A51-2FA7B4C623B9}.Release|Any CPU.ActiveCfg = Release|Any CPU
		{A02E1E0D-3AB1-4643-9A51-2FA7B4C623B9}.Release|Any CPU.Build.0 = Release|Any CPU
	EndGlobalSection
	GlobalSection(SolutionProperties) = preSolution
		HideSolutionNode = FALSE
	EndGlobalSection
	GlobalSection(ExtensibilityGlobals) = postSolution
		SolutionGuid = {1D669184-ECB4-4D07-ACAA-17E77F9FECFA}
	EndGlobalSection
EndGlobal
